# This file is automatically @generated by Cargo.
# It is not intended for manual editing.
version = 3

[[package]]
name = "ahash"
version = "0.8.11"
source = "registry+https://github.com/rust-lang/crates.io-index"
checksum = "e89da841a80418a9b391ebaea17f5c112ffaaa96f621d2c285b5174da76b9011"
dependencies = [
 "cfg-if",
 "once_cell",
 "version_check",
 "zerocopy",
]

[[package]]
name = "aho-corasick"
version = "1.1.3"
source = "registry+https://github.com/rust-lang/crates.io-index"
checksum = "8e60d3430d3a69478ad0993f19238d2df97c507009a52b3c10addcd7f6bcb916"
dependencies = [
 "memchr",
]

[[package]]
name = "allocator-api2"
version = "0.2.20"
source = "registry+https://github.com/rust-lang/crates.io-index"
checksum = "45862d1c77f2228b9e10bc609d5bc203d86ebc9b87ad8d5d5167a6c9abf739d9"

[[package]]
name = "approx"
version = "0.5.1"
source = "registry+https://github.com/rust-lang/crates.io-index"
checksum = "cab112f0a86d568ea0e627cc1d6be74a1e9cd55214684db5561995f6dad897c6"
dependencies = [
 "num-traits",
]

[[package]]
name = "arrayvec"
version = "0.7.6"
source = "registry+https://github.com/rust-lang/crates.io-index"
checksum = "7c02d123df017efcdfbd739ef81735b36c5ba83ec3c59c80a9d7ecc718f92e50"
dependencies = [
 "serde",
]

[[package]]
name = "autocfg"
version = "1.4.0"
source = "registry+https://github.com/rust-lang/crates.io-index"
checksum = "ace50bade8e6234aa140d9a2f552bbee1db4d353f69b8217bc503490fc1a9f26"

[[package]]
name = "bincode"
version = "1.3.3"
source = "registry+https://github.com/rust-lang/crates.io-index"
checksum = "b1f45e9417d87227c7a56d22e471c6206462cba514c7590c09aff4cf6d1ddcad"
dependencies = [
 "serde",
]

[[package]]
name = "bindgen"
version = "0.68.1"
source = "registry+https://github.com/rust-lang/crates.io-index"
checksum = "726e4313eb6ec35d2730258ad4e15b547ee75d6afaa1361a922e78e59b7d8078"
dependencies = [
 "bitflags",
 "cexpr",
 "clang-sys",
 "lazy_static",
 "lazycell",
 "peeking_take_while",
 "proc-macro2",
 "quote",
 "regex",
 "rustc-hash 1.1.0",
 "shlex",
 "syn",
]

[[package]]
name = "bit-vec"
version = "0.7.0"
source = "registry+https://github.com/rust-lang/crates.io-index"
checksum = "d2c54ff287cfc0a34f38a6b832ea1bd8e448a330b3e40a50859e6488bee07f22"
dependencies = [
 "serde",
]

[[package]]
name = "bitflags"
version = "2.6.0"
source = "registry+https://github.com/rust-lang/crates.io-index"
checksum = "b048fb63fd8b5923fc5aa7b340d8e156aec7ec02f0c78fa8a6ddc2613f6f71de"
dependencies = [
 "serde",
]

[[package]]
name = "bytemuck"
version = "1.20.0"
source = "registry+https://github.com/rust-lang/crates.io-index"
checksum = "8b37c88a63ffd85d15b406896cc343916d7cf57838a847b3a6f2ca5d39a5695a"

[[package]]
name = "byteorder"
version = "1.5.0"
source = "registry+https://github.com/rust-lang/crates.io-index"
checksum = "1fd0f2584146f6f2ef48085050886acf353beff7305ebd1ae69500e27c67f64b"

[[package]]
name = "cexpr"
version = "0.6.0"
source = "registry+https://github.com/rust-lang/crates.io-index"
checksum = "6fac387a98bb7c37292057cffc56d62ecb629900026402633ae9160df93a8766"
dependencies = [
 "nom",
]

[[package]]
name = "cfg-if"
version = "1.0.0"
source = "registry+https://github.com/rust-lang/crates.io-index"
checksum = "baf1de4339761588bc0619e3cbc0120ee582ebb74b53b4efbf79117bd2da40fd"

[[package]]
name = "clang-sys"
version = "1.8.1"
source = "registry+https://github.com/rust-lang/crates.io-index"
checksum = "0b023947811758c97c59bf9d1c188fd619ad4718dcaa767947df1cadb14f39f4"
dependencies = [
 "glob",
 "libc",
 "libloading",
]

[[package]]
name = "crossbeam"
version = "0.8.4"
source = "registry+https://github.com/rust-lang/crates.io-index"
checksum = "1137cd7e7fc0fb5d3c5a8678be38ec56e819125d8d7907411fe24ccb943faca8"
dependencies = [
 "crossbeam-channel",
 "crossbeam-deque",
 "crossbeam-epoch",
 "crossbeam-queue",
 "crossbeam-utils",
]

[[package]]
name = "crossbeam-channel"
version = "0.5.13"
source = "registry+https://github.com/rust-lang/crates.io-index"
checksum = "33480d6946193aa8033910124896ca395333cae7e2d1113d1fef6c3272217df2"
dependencies = [
 "crossbeam-utils",
]

[[package]]
name = "crossbeam-deque"
version = "0.8.5"
source = "registry+https://github.com/rust-lang/crates.io-index"
checksum = "613f8cc01fe9cf1a3eb3d7f488fd2fa8388403e97039e2f73692932e291a770d"
dependencies = [
 "crossbeam-epoch",
 "crossbeam-utils",
]

[[package]]
name = "crossbeam-epoch"
version = "0.9.18"
source = "registry+https://github.com/rust-lang/crates.io-index"
checksum = "5b82ac4a3c2ca9c3460964f020e1402edd5753411d7737aa39c3714ad1b5420e"
dependencies = [
 "crossbeam-utils",
]

[[package]]
name = "crossbeam-queue"
version = "0.3.11"
source = "registry+https://github.com/rust-lang/crates.io-index"
checksum = "df0346b5d5e76ac2fe4e327c5fd1118d6be7c51dfb18f9b7922923f287471e35"
dependencies = [
 "crossbeam-utils",
]

[[package]]
name = "crossbeam-utils"
version = "0.8.20"
source = "registry+https://github.com/rust-lang/crates.io-index"
checksum = "22ec99545bb0ed0ea7bb9b8e1e9122ea386ff8a48c0922e43f36d45ab09e0e80"

[[package]]
name = "downcast-rs"
version = "1.2.1"
source = "registry+https://github.com/rust-lang/crates.io-index"
checksum = "75b325c5dbd37f80359721ad39aca5a29fb04c89279657cffdda8736d0c0b9d2"

[[package]]
name = "either"
version = "1.13.0"
source = "registry+https://github.com/rust-lang/crates.io-index"
checksum = "60b1af1c220855b6ceac025d3f6ecdd2b7c4894bfe9cd9bda4fbb4bc7c0d4cf0"

[[package]]
name = "equivalent"
version = "1.0.1"
source = "registry+https://github.com/rust-lang/crates.io-index"
checksum = "5443807d6dff69373d433ab9ef5378ad8df50ca6298caf15de6e52e24aaf54d5"

[[package]]
name = "errno"
version = "0.3.10"
source = "registry+https://github.com/rust-lang/crates.io-index"
checksum = "33d852cb9b869c2a9b3df2f71a3074817f01e1844f839a144f5fcef059a4eb5d"
dependencies = [
 "libc",
 "windows-sys 0.59.0",
]

[[package]]
name = "fnv"
version = "1.0.7"
source = "registry+https://github.com/rust-lang/crates.io-index"
checksum = "3f9eec918d3f24069decb9af1554cad7c880e2da24a9afd88aca000531ab82c1"

[[package]]
name = "gdextension-api"
version = "0.2.1"
source = "registry+https://github.com/rust-lang/crates.io-index"
checksum = "af8707eca996b28193b772a4a9a28a97364bb93c97e3c313542e812f2963fb93"

[[package]]
name = "generational-arena"
version = "0.2.9"
source = "registry+https://github.com/rust-lang/crates.io-index"
checksum = "877e94aff08e743b651baaea359664321055749b398adff8740a7399af7796e7"
dependencies = [
 "cfg-if",
]

[[package]]
name = "gensym"
version = "0.1.1"
source = "registry+https://github.com/rust-lang/crates.io-index"
checksum = "913dce4c5f06c2ea40fc178c06f777ac89fc6b1383e90c254fafb1abe4ba3c82"
dependencies = [
 "proc-macro2",
 "quote",
 "syn",
 "uuid",
]

[[package]]
name = "getrandom"
version = "0.2.15"
source = "registry+https://github.com/rust-lang/crates.io-index"
checksum = "c4567c8db10ae91089c99af84c68c38da3ec2f087c3f82960bcdbf3656b6f4d7"
dependencies = [
 "cfg-if",
 "libc",
 "wasi",
]

[[package]]
name = "glam"
version = "0.28.0"
source = "registry+https://github.com/rust-lang/crates.io-index"
checksum = "779ae4bf7e8421cf91c0b3b64e7e8b40b862fba4d393f59150042de7c4965a94"

[[package]]
name = "glob"
version = "0.3.1"
source = "registry+https://github.com/rust-lang/crates.io-index"
checksum = "d2fabcfbdc87f4758337ca535fb41a6d701b65693ce38287d856d1674551ec9b"

[[package]]
name = "godot"
version = "0.2.0"
source = "registry+https://github.com/rust-lang/crates.io-index"
checksum = "f8a90179fdd02c52d3d0ac1fbf724c5cb51391f4e207651d105de12e4bda1b6e"
dependencies = [
 "godot-core",
 "godot-macros",
]

[[package]]
name = "godot-bindings"
version = "0.2.0"
source = "registry+https://github.com/rust-lang/crates.io-index"
checksum = "4172322f6d35c46c657b3de80900a8bdc8937cff4bc3b8559d47c74eb91f0304"
dependencies = [
 "bindgen",
 "gdextension-api",
 "regex",
 "which",
]

[[package]]
name = "godot-cell"
version = "0.2.0"
source = "registry+https://github.com/rust-lang/crates.io-index"
checksum = "c4f5070ea39cbc64f6b7ed01c752a550999b08b5244aea4f3c4525e51a9f18a1"

[[package]]
name = "godot-codegen"
version = "0.2.0"
source = "registry+https://github.com/rust-lang/crates.io-index"
checksum = "22edb4e0e638be594ba199b860290bf092f83d1d166a18d03f75b9d3add66db9"
dependencies = [
 "godot-bindings",
 "heck",
 "nanoserde",
 "proc-macro2",
 "quote",
 "regex",
]

[[package]]
name = "godot-core"
version = "0.2.0"
source = "registry+https://github.com/rust-lang/crates.io-index"
checksum = "2111d99582c537ab65666b725697f85d5c9f8630ec7d0b1d2620c0e95e8e7182"
dependencies = [
 "glam",
 "godot-bindings",
 "godot-cell",
 "godot-codegen",
 "godot-ffi",
 "serde",
]

[[package]]
name = "godot-ffi"
version = "0.2.0"
source = "registry+https://github.com/rust-lang/crates.io-index"
checksum = "7b01c965bd5189988c7bc7c13ddb02fe4181856ed6a59072ae23029aacce4188"
dependencies = [
 "gensym",
 "godot-bindings",
 "godot-codegen",
 "libc",
 "paste",
]

[[package]]
name = "godot-macros"
version = "0.2.0"
source = "registry+https://github.com/rust-lang/crates.io-index"
checksum = "e0be00fe849f158b0f9e330fc54fc5d0f41385c30ea2ed1c59a2d031b3c43726"
dependencies = [
 "godot-bindings",
 "markdown",
 "proc-macro2",
 "quote",
 "venial",
]

[[package]]
name = "godot-rapier"
version = "0.8.9"
dependencies = [
 "bincode",
 "godot",
 "hashbrown 0.14.5",
 "rapier2d",
 "rapier2d-f64",
 "rapier3d",
 "rapier3d-f64",
 "salva2d",
 "salva2d-f64",
 "salva3d",
 "salva3d-f64",
 "serde",
 "serde_json",
]

[[package]]
name = "hash32"
version = "0.3.1"
source = "registry+https://github.com/rust-lang/crates.io-index"
checksum = "47d60b12902ba28e2730cd37e95b8c9223af2808df9e902d4df49588d1470606"
dependencies = [
 "byteorder",
]

[[package]]
name = "hashbrown"
version = "0.14.5"
source = "registry+https://github.com/rust-lang/crates.io-index"
checksum = "e5274423e17b7c9fc20b6e7e208532f9b19825d82dfd615708b70edd83df41f1"
dependencies = [
 "ahash",
 "allocator-api2",
 "serde",
]

[[package]]
name = "hashbrown"
version = "0.15.2"
source = "registry+https://github.com/rust-lang/crates.io-index"
checksum = "bf151400ff0baff5465007dd2f3e717f3fe502074ca563069ce3a6629d07b289"

[[package]]
name = "heapless"
version = "0.8.0"
source = "registry+https://github.com/rust-lang/crates.io-index"
checksum = "0bfb9eb618601c89945a70e254898da93b13be0388091d42117462b265bb3fad"
dependencies = [
 "hash32",
 "stable_deref_trait",
]

[[package]]
name = "heck"
version = "0.5.0"
source = "registry+https://github.com/rust-lang/crates.io-index"
checksum = "2304e00983f87ffb38b55b444b5e3b60a884b5d30c0fca7d82fe33449bbe55ea"

[[package]]
name = "home"
version = "0.5.9"
source = "registry+https://github.com/rust-lang/crates.io-index"
checksum = "e3d1354bf6b7235cb4a0576c2619fd4ed18183f689b12b006a0ee7329eeff9a5"
dependencies = [
 "windows-sys 0.52.0",
]

[[package]]
name = "indexmap"
version = "2.6.0"
source = "registry+https://github.com/rust-lang/crates.io-index"
checksum = "707907fe3c25f5424cce2cb7e1cbcafee6bdbe735ca90ef77c29e84591e5b9da"
dependencies = [
 "equivalent",
 "hashbrown 0.15.2",
 "serde",
]

[[package]]
name = "instant"
version = "0.1.13"
source = "registry+https://github.com/rust-lang/crates.io-index"
checksum = "e0242819d153cba4b4b05a5a8f2a7e9bbf97b6055b2a002b395c96b5ff3c0222"
dependencies = [
 "cfg-if",
]

[[package]]
name = "itertools"
version = "0.13.0"
source = "registry+https://github.com/rust-lang/crates.io-index"
checksum = "413ee7dfc52ee1a4949ceeb7dbc8a33f2d6c088194d9f922fb8318faf1f01186"
dependencies = [
 "either",
]

[[package]]
name = "itoa"
version = "1.0.14"
source = "registry+https://github.com/rust-lang/crates.io-index"
checksum = "d75a2a4b1b190afb6f5425f10f6a8f959d2ea0b9c2b1d79553551850539e4674"

[[package]]
name = "lazy_static"
version = "1.5.0"
source = "registry+https://github.com/rust-lang/crates.io-index"
checksum = "bbd2bcb4c963f2ddae06a2efc7e9f3591312473c50c6685e1f298068316e66fe"

[[package]]
name = "lazycell"
version = "1.3.0"
source = "registry+https://github.com/rust-lang/crates.io-index"
checksum = "830d08ce1d1d941e6b30645f1a0eb5643013d835ce3779a5fc208261dbe10f55"

[[package]]
name = "libc"
version = "0.2.166"
source = "registry+https://github.com/rust-lang/crates.io-index"
checksum = "c2ccc108bbc0b1331bd061864e7cd823c0cab660bbe6970e66e2c0614decde36"

[[package]]
name = "libloading"
version = "0.8.5"
source = "registry+https://github.com/rust-lang/crates.io-index"
checksum = "4979f22fdb869068da03c9f7528f8297c6fd2606bc3a4affe42e6a823fdb8da4"
dependencies = [
 "cfg-if",
 "windows-targets",
]

[[package]]
name = "libm"
version = "0.2.11"
source = "registry+https://github.com/rust-lang/crates.io-index"
checksum = "8355be11b20d696c8f18f6cc018c4e372165b1fa8126cef092399c9951984ffa"

[[package]]
name = "linux-raw-sys"
version = "0.4.14"
source = "registry+https://github.com/rust-lang/crates.io-index"
checksum = "78b3ae25bc7c8c38cec158d1f2757ee79e9b3740fbc7ccf0e59e4b08d793fa89"

[[package]]
name = "log"
version = "0.4.22"
source = "registry+https://github.com/rust-lang/crates.io-index"
checksum = "a7a70ba024b9dc04c27ea2f0c0548feb474ec5c54bba33a7f72f873a39d07b24"

[[package]]
name = "markdown"
version = "1.0.0-alpha.21"
source = "registry+https://github.com/rust-lang/crates.io-index"
checksum = "a6491e6c702bf7e3b24e769d800746d5f2c06a6c6a2db7992612e0f429029e81"
dependencies = [
 "unicode-id",
]

[[package]]
name = "matrixmultiply"
version = "0.3.9"
source = "registry+https://github.com/rust-lang/crates.io-index"
checksum = "9380b911e3e96d10c1f415da0876389aaf1b56759054eeb0de7df940c456ba1a"
dependencies = [
 "autocfg",
 "rawpointer",
]

[[package]]
name = "memchr"
version = "2.7.4"
source = "registry+https://github.com/rust-lang/crates.io-index"
checksum = "78ca9ab1a0babb1e7d5695e3530886289c18cf2f87ec19a575a0abdce112e3a3"

[[package]]
name = "minimal-lexical"
version = "0.2.1"
source = "registry+https://github.com/rust-lang/crates.io-index"
checksum = "68354c5c6bd36d73ff3feceb05efa59b6acb7626617f4962be322a825e61f79a"

[[package]]
name = "nalgebra"
version = "0.33.2"
source = "registry+https://github.com/rust-lang/crates.io-index"
checksum = "26aecdf64b707efd1310e3544d709c5c0ac61c13756046aaaba41be5c4f66a3b"
dependencies = [
 "approx",
 "matrixmultiply",
 "nalgebra-macros",
 "num-complex",
 "num-rational",
 "num-traits",
 "serde",
 "simba",
 "typenum",
]

[[package]]
name = "nalgebra-macros"
version = "0.2.2"
source = "registry+https://github.com/rust-lang/crates.io-index"
checksum = "254a5372af8fc138e36684761d3c0cdb758a4410e938babcff1c860ce14ddbfc"
dependencies = [
 "proc-macro2",
 "quote",
 "syn",
]

[[package]]
name = "nanoserde"
version = "0.1.37"
source = "registry+https://github.com/rust-lang/crates.io-index"
checksum = "5de9cf844ab1e25a0353525bd74cb889843a6215fa4a0d156fd446f4857a1b99"
dependencies = [
 "nanoserde-derive",
]

[[package]]
name = "nanoserde-derive"
version = "0.1.22"
source = "registry+https://github.com/rust-lang/crates.io-index"
checksum = "e943b2c21337b7e3ec6678500687cdc741b7639ad457f234693352075c082204"

[[package]]
name = "nom"
version = "7.1.3"
source = "registry+https://github.com/rust-lang/crates.io-index"
checksum = "d273983c5a657a70a3e8f2a01329822f3b8c8172b73826411a55751e404a0a4a"
dependencies = [
 "memchr",
 "minimal-lexical",
]

[[package]]
name = "num-bigint"
version = "0.4.6"
source = "registry+https://github.com/rust-lang/crates.io-index"
checksum = "a5e44f723f1133c9deac646763579fdb3ac745e418f2a7af9cd0c431da1f20b9"
dependencies = [
 "num-integer",
 "num-traits",
]

[[package]]
name = "num-complex"
version = "0.4.6"
source = "registry+https://github.com/rust-lang/crates.io-index"
checksum = "73f88a1307638156682bada9d7604135552957b7818057dcef22705b4d509495"
dependencies = [
 "num-traits",
 "serde",
]

[[package]]
name = "num-derive"
version = "0.4.2"
source = "registry+https://github.com/rust-lang/crates.io-index"
checksum = "ed3955f1a9c7c0c15e092f9c887db08b1fc683305fdf6eb6684f22555355e202"
dependencies = [
 "proc-macro2",
 "quote",
 "syn",
]

[[package]]
name = "num-integer"
version = "0.1.46"
source = "registry+https://github.com/rust-lang/crates.io-index"
checksum = "7969661fd2958a5cb096e56c8e1ad0444ac2bbcd0061bd28660485a44879858f"
dependencies = [
 "num-traits",
]

[[package]]
name = "num-rational"
version = "0.4.2"
source = "registry+https://github.com/rust-lang/crates.io-index"
checksum = "f83d14da390562dca69fc84082e73e548e1ad308d24accdedd2720017cb37824"
dependencies = [
 "num-bigint",
 "num-integer",
 "num-traits",
]

[[package]]
name = "num-traits"
version = "0.2.19"
source = "registry+https://github.com/rust-lang/crates.io-index"
checksum = "071dfc062690e90b734c0b2273ce72ad0ffa95f0c74596bc250dcfd960262841"
dependencies = [
 "autocfg",
 "libm",
]

[[package]]
name = "once_cell"
version = "1.20.2"
source = "registry+https://github.com/rust-lang/crates.io-index"
checksum = "1261fe7e33c73b354eab43b1273a57c8f967d0391e80353e51f764ac02cf6775"

[[package]]
name = "ordered-float"
version = "4.5.0"
source = "registry+https://github.com/rust-lang/crates.io-index"
checksum = "c65ee1f9701bf938026630b455d5315f490640234259037edb259798b3bcf85e"
dependencies = [
 "num-traits",
]

[[package]]
name = "parry2d"
version = "0.17.1"
source = "git+https://github.com/ughuuu/parry?branch=custom-changes#ced7f47a792fd9aa25217f3cfeabb64b89a3140c"
dependencies = [
 "approx",
 "arrayvec",
 "bitflags",
 "downcast-rs",
 "either",
 "indexmap",
 "log",
 "nalgebra",
 "num-derive",
 "num-traits",
 "ordered-float",
 "rustc-hash 2.0.0",
 "serde",
 "simba",
 "slab",
 "smallvec",
 "spade",
 "thiserror",
]

[[package]]
name = "parry2d-f64"
version = "0.17.1"
source = "git+https://github.com/ughuuu/parry?branch=custom-changes#ced7f47a792fd9aa25217f3cfeabb64b89a3140c"
dependencies = [
 "approx",
 "arrayvec",
 "bitflags",
 "downcast-rs",
 "either",
 "indexmap",
 "log",
 "nalgebra",
 "num-derive",
 "num-traits",
 "ordered-float",
 "rustc-hash 2.0.0",
 "serde",
 "simba",
 "slab",
 "smallvec",
 "spade",
 "thiserror",
]

[[package]]
name = "parry3d"
version = "0.17.1"
source = "git+https://github.com/ughuuu/parry?branch=custom-changes#ced7f47a792fd9aa25217f3cfeabb64b89a3140c"
dependencies = [
 "approx",
 "arrayvec",
 "bitflags",
 "downcast-rs",
 "either",
 "indexmap",
 "log",
 "nalgebra",
 "num-derive",
 "num-traits",
 "ordered-float",
 "rstar",
 "rustc-hash 2.0.0",
 "serde",
 "simba",
 "slab",
 "smallvec",
 "spade",
 "thiserror",
]

[[package]]
name = "parry3d-f64"
version = "0.17.1"
source = "git+https://github.com/ughuuu/parry?branch=custom-changes#ced7f47a792fd9aa25217f3cfeabb64b89a3140c"
dependencies = [
 "approx",
 "arrayvec",
 "bitflags",
 "downcast-rs",
 "either",
 "indexmap",
 "log",
 "nalgebra",
 "num-derive",
 "num-traits",
 "ordered-float",
 "rstar",
 "rustc-hash 2.0.0",
 "serde",
 "simba",
 "slab",
 "smallvec",
 "spade",
 "thiserror",
]

[[package]]
name = "paste"
version = "1.0.15"
source = "registry+https://github.com/rust-lang/crates.io-index"
checksum = "57c0d7b74b563b49d38dae00a0c37d4d6de9b432382b2892f0574ddcae73fd0a"

[[package]]
name = "peeking_take_while"
version = "0.1.2"
source = "registry+https://github.com/rust-lang/crates.io-index"
checksum = "19b17cddbe7ec3f8bc800887bab5e717348c95ea2ca0b1bf0837fb964dc67099"

[[package]]
name = "proc-macro2"
version = "1.0.92"
source = "registry+https://github.com/rust-lang/crates.io-index"
checksum = "37d3544b3f2748c54e147655edb5025752e2303145b5aefb3c3ea2c78b973bb0"
dependencies = [
 "unicode-ident",
]

[[package]]
name = "quote"
version = "1.0.37"
source = "registry+https://github.com/rust-lang/crates.io-index"
checksum = "b5b9d34b8991d19d98081b46eacdd8eb58c6f2b201139f7c5f643cc155a633af"
dependencies = [
 "proc-macro2",
]

[[package]]
name = "rapier2d"
version = "0.22.0"
source = "git+https://github.com/ughuuu/rapier?branch=custom-changes#d0ffd2a8a17901bd836b8aa98a107d7cb12b9249"
dependencies = [
 "approx",
 "arrayvec",
 "bit-vec",
 "bitflags",
 "crossbeam",
 "downcast-rs",
 "log",
 "nalgebra",
 "num-derive",
 "num-traits",
 "ordered-float",
 "parry2d",
 "rayon",
 "rustc-hash 2.0.0",
 "serde",
 "simba",
 "thiserror",
 "vec_map",
]

[[package]]
name = "rapier2d-f64"
version = "0.22.0"
source = "git+https://github.com/ughuuu/rapier?branch=custom-changes#d0ffd2a8a17901bd836b8aa98a107d7cb12b9249"
dependencies = [
 "approx",
 "arrayvec",
 "bit-vec",
 "bitflags",
 "crossbeam",
 "downcast-rs",
 "log",
 "nalgebra",
 "num-derive",
 "num-traits",
 "ordered-float",
 "parry2d-f64",
 "rayon",
 "rustc-hash 2.0.0",
 "serde",
 "simba",
 "thiserror",
 "vec_map",
]

[[package]]
name = "rapier3d"
version = "0.22.0"
source = "git+https://github.com/ughuuu/rapier?branch=custom-changes#d0ffd2a8a17901bd836b8aa98a107d7cb12b9249"
dependencies = [
 "approx",
 "arrayvec",
 "bit-vec",
 "bitflags",
 "crossbeam",
 "downcast-rs",
 "log",
 "nalgebra",
 "num-derive",
 "num-traits",
 "ordered-float",
 "parry3d",
 "rayon",
 "rustc-hash 2.0.0",
 "serde",
 "simba",
 "thiserror",
 "vec_map",
]

[[package]]
name = "rapier3d-f64"
version = "0.22.0"
source = "git+https://github.com/ughuuu/rapier?branch=custom-changes#d0ffd2a8a17901bd836b8aa98a107d7cb12b9249"
dependencies = [
 "approx",
 "arrayvec",
 "bit-vec",
 "bitflags",
 "crossbeam",
 "downcast-rs",
 "log",
 "nalgebra",
 "num-derive",
 "num-traits",
 "ordered-float",
 "parry3d-f64",
 "rayon",
 "rustc-hash 2.0.0",
 "serde",
 "simba",
 "thiserror",
 "vec_map",
]

[[package]]
name = "rawpointer"
version = "0.2.1"
source = "registry+https://github.com/rust-lang/crates.io-index"
checksum = "60a357793950651c4ed0f3f52338f53b2f809f32d83a07f72909fa13e4c6c1e3"

[[package]]
name = "rayon"
version = "1.10.0"
source = "registry+https://github.com/rust-lang/crates.io-index"
checksum = "b418a60154510ca1a002a752ca9714984e21e4241e804d32555251faf8b78ffa"
dependencies = [
 "either",
 "rayon-core",
]

[[package]]
name = "rayon-core"
version = "1.12.1"
source = "registry+https://github.com/rust-lang/crates.io-index"
checksum = "1465873a3dfdaa8ae7cb14b4383657caab0b3e8a0aa9ae8e04b044854c8dfce2"
dependencies = [
 "crossbeam-deque",
 "crossbeam-utils",
]

[[package]]
name = "regex"
version = "1.11.1"
source = "registry+https://github.com/rust-lang/crates.io-index"
checksum = "b544ef1b4eac5dc2db33ea63606ae9ffcfac26c1416a2806ae0bf5f56b201191"
dependencies = [
 "aho-corasick",
 "memchr",
 "regex-automata",
 "regex-syntax",
]

[[package]]
name = "regex-automata"
version = "0.4.9"
source = "registry+https://github.com/rust-lang/crates.io-index"
checksum = "809e8dc61f6de73b46c85f4c96486310fe304c434cfa43669d7b40f711150908"
dependencies = [
 "aho-corasick",
 "memchr",
 "regex-syntax",
]

[[package]]
name = "regex-syntax"
version = "0.8.5"
source = "registry+https://github.com/rust-lang/crates.io-index"
checksum = "2b15c43186be67a4fd63bee50d0303afffcef381492ebe2c5d87f324e1b8815c"

[[package]]
name = "robust"
version = "1.1.0"
source = "registry+https://github.com/rust-lang/crates.io-index"
checksum = "cbf4a6aa5f6d6888f39e980649f3ad6b666acdce1d78e95b8a2cb076e687ae30"

[[package]]
name = "rstar"
version = "0.12.2"
source = "registry+https://github.com/rust-lang/crates.io-index"
checksum = "421400d13ccfd26dfa5858199c30a5d76f9c54e0dba7575273025b43c5175dbb"
dependencies = [
 "heapless",
 "num-traits",
 "smallvec",
]

[[package]]
name = "rustc-hash"
version = "1.1.0"
source = "registry+https://github.com/rust-lang/crates.io-index"
checksum = "08d43f7aa6b08d49f382cde6a7982047c3426db949b1424bc4b7ec9ae12c6ce2"

[[package]]
name = "rustc-hash"
version = "2.0.0"
source = "registry+https://github.com/rust-lang/crates.io-index"
checksum = "583034fd73374156e66797ed8e5b0d5690409c9226b22d87cb7f19821c05d152"

[[package]]
name = "rustix"
version = "0.38.41"
source = "registry+https://github.com/rust-lang/crates.io-index"
checksum = "d7f649912bc1495e167a6edee79151c84b1bad49748cb4f1f1167f459f6224f6"
dependencies = [
 "bitflags",
 "errno",
 "libc",
 "linux-raw-sys",
 "windows-sys 0.52.0",
]

[[package]]
name = "ryu"
version = "1.0.18"
source = "registry+https://github.com/rust-lang/crates.io-index"
checksum = "f3cb5ba0dc43242ce17de99c180e96db90b235b8a9fdc9543c96d2209116bd9f"

[[package]]
name = "safe_arch"
version = "0.7.2"
source = "registry+https://github.com/rust-lang/crates.io-index"
checksum = "c3460605018fdc9612bce72735cba0d27efbcd9904780d44c7e3a9948f96148a"
dependencies = [
 "bytemuck",
]

[[package]]
name = "salva2d"
version = "0.9.0"
source = "git+https://github.com/ughuuu/salva?branch=custom-changes#976a349989c6c146906ca31c6ca1909140b17e49"
dependencies = [
 "approx",
 "fnv",
 "generational-arena",
 "instant",
 "itertools",
 "nalgebra",
 "num-traits",
 "parry2d",
 "rapier2d",
]

[[package]]
name = "salva2d-f64"
version = "0.9.0"
source = "git+https://github.com/ughuuu/salva?branch=custom-changes#976a349989c6c146906ca31c6ca1909140b17e49"
dependencies = [
 "approx",
 "fnv",
 "generational-arena",
 "instant",
 "itertools",
 "nalgebra",
 "num-traits",
 "parry2d-f64",
 "rapier2d-f64",
]

[[package]]
name = "salva3d"
version = "0.9.0"
source = "git+https://github.com/ughuuu/salva?branch=custom-changes#976a349989c6c146906ca31c6ca1909140b17e49"
dependencies = [
 "approx",
 "fnv",
 "generational-arena",
 "instant",
 "itertools",
 "nalgebra",
 "num-traits",
 "parry3d",
 "rapier3d",
]

[[package]]
name = "salva3d-f64"
version = "0.9.0"
source = "git+https://github.com/ughuuu/salva?branch=custom-changes#976a349989c6c146906ca31c6ca1909140b17e49"
dependencies = [
 "approx",
 "fnv",
 "generational-arena",
 "instant",
 "itertools",
 "nalgebra",
 "num-traits",
 "parry3d-f64",
 "rapier3d-f64",
]

[[package]]
name = "serde"
version = "1.0.215"
source = "registry+https://github.com/rust-lang/crates.io-index"
checksum = "6513c1ad0b11a9376da888e3e0baa0077f1aed55c17f50e7b2397136129fb88f"
dependencies = [
 "serde_derive",
]

[[package]]
name = "serde_derive"
version = "1.0.215"
source = "registry+https://github.com/rust-lang/crates.io-index"
checksum = "ad1e866f866923f252f05c889987993144fb74e722403468a4ebd70c3cd756c0"
dependencies = [
 "proc-macro2",
 "quote",
 "syn",
]

[[package]]
name = "serde_json"
version = "1.0.133"
source = "registry+https://github.com/rust-lang/crates.io-index"
checksum = "c7fceb2473b9166b2294ef05efcb65a3db80803f0b03ef86a5fc88a2b85ee377"
dependencies = [
 "itoa",
 "memchr",
 "ryu",
 "serde",
]

[[package]]
name = "shlex"
version = "1.3.0"
source = "registry+https://github.com/rust-lang/crates.io-index"
checksum = "0fda2ff0d084019ba4d7c6f371c95d8fd75ce3524c3cb8fb653a3023f6323e64"

[[package]]
name = "simba"
version = "0.9.0"
source = "registry+https://github.com/rust-lang/crates.io-index"
checksum = "b3a386a501cd104797982c15ae17aafe8b9261315b5d07e3ec803f2ea26be0fa"
dependencies = [
 "approx",
 "libm",
 "num-complex",
 "num-traits",
 "paste",
 "wide",
]

[[package]]
name = "slab"
version = "0.4.9"
source = "registry+https://github.com/rust-lang/crates.io-index"
checksum = "8f92a496fb766b417c996b9c5e57daf2f7ad3b0bebe1ccfca4856390e3d3bb67"
dependencies = [
 "autocfg",
]

[[package]]
name = "smallvec"
version = "1.13.2"
source = "registry+https://github.com/rust-lang/crates.io-index"
checksum = "3c5e1a9a646d36c3599cd173a41282daf47c44583ad367b8e6837255952e5c67"

[[package]]
name = "spade"
version = "2.12.1"
source = "registry+https://github.com/rust-lang/crates.io-index"
checksum = "93f5ef1f863aca7d1d7dda7ccfc36a0a4279bd6d3c375176e5e0712e25cb4889"
dependencies = [
 "hashbrown 0.14.5",
 "num-traits",
 "robust",
 "smallvec",
]

[[package]]
name = "stable_deref_trait"
version = "1.2.0"
source = "registry+https://github.com/rust-lang/crates.io-index"
checksum = "a8f112729512f8e442d81f95a8a7ddf2b7c6b8a1a6f509a95864142b30cab2d3"

[[package]]
name = "syn"
version = "2.0.89"
source = "registry+https://github.com/rust-lang/crates.io-index"
checksum = "44d46482f1c1c87acd84dea20c1bf5ebff4c757009ed6bf19cfd36fb10e92c4e"
dependencies = [
 "proc-macro2",
 "quote",
 "unicode-ident",
]

[[package]]
name = "thiserror"
version = "1.0.69"
source = "registry+https://github.com/rust-lang/crates.io-index"
checksum = "b6aaf5339b578ea85b50e080feb250a3e8ae8cfcdff9a461c9ec2904bc923f52"
dependencies = [
 "thiserror-impl",
]

[[package]]
name = "thiserror-impl"
version = "1.0.69"
source = "registry+https://github.com/rust-lang/crates.io-index"
checksum = "4fee6c4efc90059e10f81e6d42c60a18f76588c3d74cb83a0b242a2b6c7504c1"
dependencies = [
 "proc-macro2",
 "quote",
 "syn",
]

[[package]]
name = "typenum"
version = "1.17.0"
source = "registry+https://github.com/rust-lang/crates.io-index"
checksum = "42ff0bf0c66b8238c6f3b578df37d0b7848e55df8577b3f74f92a69acceeb825"

[[package]]
name = "unicode-id"
version = "0.3.5"
source = "registry+https://github.com/rust-lang/crates.io-index"
checksum = "10103c57044730945224467c09f71a4db0071c123a0648cc3e818913bde6b561"

[[package]]
name = "unicode-ident"
version = "1.0.14"
source = "registry+https://github.com/rust-lang/crates.io-index"
checksum = "adb9e6ca4f869e1180728b7950e35922a7fc6397f7b641499e8f3ef06e50dc83"

[[package]]
name = "uuid"
version = "1.11.0"
source = "registry+https://github.com/rust-lang/crates.io-index"
checksum = "f8c5f0a0af699448548ad1a2fbf920fb4bee257eae39953ba95cb84891a0446a"
dependencies = [
 "getrandom",
]

[[package]]
name = "vec_map"
version = "0.8.2"
source = "registry+https://github.com/rust-lang/crates.io-index"
checksum = "f1bddf1187be692e79c5ffeab891132dfb0f236ed36a43c7ed39f1165ee20191"

[[package]]
name = "venial"
version = "0.6.0"
source = "registry+https://github.com/rust-lang/crates.io-index"
checksum = "6816bc32f30bf8dd1b3adb04de8406c7bf187d2f923bd9e4c0b99365d012613f"
dependencies = [
 "proc-macro2",
 "quote",
]

[[package]]
name = "version_check"
version = "0.9.5"
source = "registry+https://github.com/rust-lang/crates.io-index"
checksum = "0b928f33d975fc6ad9f86c8f283853ad26bdd5b10b7f1542aa2fa15e2289105a"

[[package]]
name = "wasi"
version = "0.11.0+wasi-snapshot-preview1"
source = "registry+https://github.com/rust-lang/crates.io-index"
checksum = "9c8d87e72b64a3b4db28d11ce29237c246188f4f51057d65a7eab63b7987e423"

[[package]]
name = "which"
version = "6.0.3"
source = "registry+https://github.com/rust-lang/crates.io-index"
checksum = "b4ee928febd44d98f2f459a4a79bd4d928591333a494a10a868418ac1b39cf1f"
dependencies = [
 "either",
 "home",
 "rustix",
 "winsafe",
]

[[package]]
name = "wide"
version = "0.7.30"
source = "registry+https://github.com/rust-lang/crates.io-index"
checksum = "58e6db2670d2be78525979e9a5f9c69d296fd7d670549fe9ebf70f8708cb5019"
dependencies = [
 "bytemuck",
 "safe_arch",
]

[[package]]
name = "windows-sys"
version = "0.52.0"
source = "registry+https://github.com/rust-lang/crates.io-index"
checksum = "282be5f36a8ce781fad8c8ae18fa3f9beff57ec1b52cb3de0789201425d9a33d"
dependencies = [
 "windows-targets",
]

[[package]]
name = "windows-sys"
version = "0.59.0"
source = "registry+https://github.com/rust-lang/crates.io-index"
checksum = "1e38bc4d79ed67fd075bcc251a1c39b32a1776bbe92e5bef1f0bf1f8c531853b"
dependencies = [
 "windows-targets",
]

[[package]]
name = "windows-targets"
version = "0.52.6"
source = "registry+https://github.com/rust-lang/crates.io-index"
checksum = "9b724f72796e036ab90c1021d4780d4d3d648aca59e491e6b98e725b84e99973"
dependencies = [
 "windows_aarch64_gnullvm",
 "windows_aarch64_msvc",
 "windows_i686_gnu",
 "windows_i686_gnullvm",
 "windows_i686_msvc",
 "windows_x86_64_gnu",
 "windows_x86_64_gnullvm",
 "windows_x86_64_msvc",
]

[[package]]
name = "windows_aarch64_gnullvm"
version = "0.52.6"
source = "registry+https://github.com/rust-lang/crates.io-index"
checksum = "32a4622180e7a0ec044bb555404c800bc9fd9ec262ec147edd5989ccd0c02cd3"

[[package]]
name = "windows_aarch64_msvc"
version = "0.52.6"
source = "registry+https://github.com/rust-lang/crates.io-index"
checksum = "09ec2a7bb152e2252b53fa7803150007879548bc709c039df7627cabbd05d469"

[[package]]
name = "windows_i686_gnu"
version = "0.52.6"
source = "registry+https://github.com/rust-lang/crates.io-index"
checksum = "8e9b5ad5ab802e97eb8e295ac6720e509ee4c243f69d781394014ebfe8bbfa0b"

[[package]]
name = "windows_i686_gnullvm"
version = "0.52.6"
source = "registry+https://github.com/rust-lang/crates.io-index"
checksum = "0eee52d38c090b3caa76c563b86c3a4bd71ef1a819287c19d586d7334ae8ed66"

[[package]]
name = "windows_i686_msvc"
version = "0.52.6"
source = "registry+https://github.com/rust-lang/crates.io-index"
checksum = "240948bc05c5e7c6dabba28bf89d89ffce3e303022809e73deaefe4f6ec56c66"

[[package]]
name = "windows_x86_64_gnu"
version = "0.52.6"
source = "registry+https://github.com/rust-lang/crates.io-index"
checksum = "147a5c80aabfbf0c7d901cb5895d1de30ef2907eb21fbbab29ca94c5b08b1a78"

[[package]]
name = "windows_x86_64_gnullvm"
version = "0.52.6"
source = "registry+https://github.com/rust-lang/crates.io-index"
checksum = "24d5b23dc417412679681396f2b49f3de8c1473deb516bd34410872eff51ed0d"

[[package]]
name = "windows_x86_64_msvc"
version = "0.52.6"
source = "registry+https://github.com/rust-lang/crates.io-index"
checksum = "589f6da84c646204747d1270a2a5661ea66ed1cced2631d546fdfb155959f9ec"

[[package]]
name = "winsafe"
version = "0.0.19"
source = "registry+https://github.com/rust-lang/crates.io-index"
checksum = "d135d17ab770252ad95e9a872d365cf3090e3be864a34ab46f48555993efc904"

[[package]]
name = "zerocopy"
version = "0.7.35"
source = "registry+https://github.com/rust-lang/crates.io-index"
checksum = "1b9b4fd18abc82b8136838da5d50bae7bdea537c574d8dc1a34ed098d6c166f0"
dependencies = [
 "zerocopy-derive",
]

[[package]]
name = "zerocopy-derive"
version = "0.7.35"
source = "registry+https://github.com/rust-lang/crates.io-index"
checksum = "fa4f8080344d4671fb4e831a13ad1e68092748387dfc4f55e356242fae12ce3e"
dependencies = [
 "proc-macro2",
 "quote",
 "syn",
]
